
Microsoft Visual Studio Solution File, Format Version 12.00
# Visual Studio Version 16
VisualStudioVersion = 16.0.30128.74
MinimumVisualStudioVersion = 10.0.40219.1
Project("{FAE04EC0-301F-11D3-BF4B-00C04F79EFBC}") = "Week01", "src\GeekTime\Week01\Week01\Week01.csproj", "{06900D4D-2633-458E-889D-006EACDA650A}"
EndProject
Project("{FAE04EC0-301F-11D3-BF4B-00C04F79EFBC}") = "Week02", "src\GeekTime\Week02\Week02.csproj", "{B2987F8A-E107-4A06-AA50-E05273B8BC65}"
EndProject
Project("{2150E333-8FDC-42A3-9474-1A3956D46DE8}") = "GeekTime", "GeekTime", "{FFCAD53D-73C1-4252-862B-1E5A4A911435}"
EndProject
Project("{FAE04EC0-301F-11D3-BF4B-00C04F79EFBC}") = "RuntimeTest", "src\GeekTime\RuntimeTest\RuntimeTest.csproj", "{743CCB23-57D9-45BE-A704-F75F657D6D78}"
EndProject
Global
	GlobalSection(SolutionConfigurationPlatforms) = preSolution
		Debug|Any CPU = Debug|Any CPU
		Release|Any CPU = Release|Any CPU
	EndGlobalSection
	GlobalSection(ProjectConfigurationPlatforms) = postSolution
		{06900D4D-2633-458E-889D-006EACDA650A}.Debug|Any CPU.ActiveCfg = Debug|Any CPU
		{06900D4D-2633-458E-889D-006EACDA650A}.Debug|Any CPU.Build.0 = Debug|Any CPU
		{06900D4D-2633-458E-889D-006EACDA650A}.Release|Any CPU.ActiveCfg = Release|Any CPU
		{06900D4D-2633-458E-889D-006EACDA650A}.Release|Any CPU.Build.0 = Release|Any CPU
		{B2987F8A-E107-4A06-AA50-E05273B8BC65}.Debug|Any CPU.ActiveCfg = Debug|Any CPU
		{B2987F8A-E107-4A06-AA50-E05273B8BC65}.Debug|Any CPU.Build.0 = Debug|Any CPU
		{B2987F8A-E107-4A06-AA50-E05273B8BC65}.Release|Any CPU.ActiveCfg = Release|Any CPU
		{B2987F8A-E107-4A06-AA50-E05273B8BC65}.Release|Any CPU.Build.0 = Release|Any CPU
		{743CCB23-57D9-45BE-A704-F75F657D6D78}.Debug|Any CPU.ActiveCfg = Debug|Any CPU
		{743CCB23-57D9-45BE-A704-F75F657D6D78}.Debug|Any CPU.Build.0 = Debug|Any CPU
		{743CCB23-57D9-45BE-A704-F75F657D6D78}.Release|Any CPU.ActiveCfg = Release|Any CPU
		{743CCB23-57D9-45BE-A704-F75F657D6D78}.Release|Any CPU.Build.0 = Release|Any CPU
	EndGlobalSection
	GlobalSection(SolutionProperties) = preSolution
		HideSolutionNode = FALSE
	EndGlobalSection
	GlobalSection(NestedProjects) = preSolution
		{06900D4D-2633-458E-889D-006EACDA650A} = {FFCAD53D-73C1-4252-862B-1E5A4A911435}
		{B2987F8A-E107-4A06-AA50-E05273B8BC65} = {FFCAD53D-73C1-4252-862B-1E5A4A911435}
		{743CCB23-57D9-45BE-A704-F75F657D6D78} = {FFCAD53D-73C1-4252-862B-1E5A4A911435}
	EndGlobalSection
	GlobalSection(ExtensibilityGlobals) = postSolution
		SolutionGuid = {696C5721-70A5-4B24-9A91-6F2D3601A20F}
	EndGlobalSection
EndGlobal
