
Microsoft Visual Studio Solution File, Format Version 12.00
# Visual Studio Version 16
VisualStudioVersion = 16.0.30128.74
MinimumVisualStudioVersion = 10.0.40219.1
Project("{9A19103F-16F7-4668-BE54-9A1E7A4F7556}") = "week01", "week01\week01.csproj", "{01A63148-8AB8-4A2C-87AB-94B2B0A0DA9A}"
EndProject
Project("{9A19103F-16F7-4668-BE54-9A1E7A4F7556}") = "week02", "week02\week02.csproj", "{8BC9CC02-0A5F-4962-A5CB-CFB2967A35C0}"
EndProject
Project("{9A19103F-16F7-4668-BE54-9A1E7A4F7556}") = "startup", "startup\startup.csproj", "{1B898524-F555-48B6-A8AA-709E76C004FA}"
EndProject
Project("{9A19103F-16F7-4668-BE54-9A1E7A4F7556}") = "common", "common\common.csproj", "{954A079F-63F8-468D-8E36-694A0D0AF52B}"
EndProject
Project("{9A19103F-16F7-4668-BE54-9A1E7A4F7556}") = "week03", "week03\week03.csproj", "{231F4C04-80C0-412A-98B8-46DE140D46D4}"
EndProject
Project("{9A19103F-16F7-4668-BE54-9A1E7A4F7556}") = "week04", "week04\week04.csproj", "{63DC01FA-C2DD-45C9-ACA2-54F8C4463F3D}"
EndProject
Project("{9A19103F-16F7-4668-BE54-9A1E7A4F7556}") = "week05", "week05\week05.csproj", "{14776F7D-4393-4D91-8A21-D0352F0723D3}"
EndProject
Project("{9A19103F-16F7-4668-BE54-9A1E7A4F7556}") = "week06", "week06\week06.csproj", "{25A12FC8-BEAB-4E19-8DE2-29FB262957BF}"
EndProject
Project("{9A19103F-16F7-4668-BE54-9A1E7A4F7556}") = "week07", "week07\week07.csproj", "{0A4F7C2D-40DB-4810-9F3F-5D3A7177D9D8}"
EndProject
Project("{FAE04EC0-301F-11D3-BF4B-00C04F79EFBC}") = "week08", "week08\week08.csproj", "{C9400035-16EC-4232-82B9-D423107B5E93}"
EndProject
Global
	GlobalSection(SolutionConfigurationPlatforms) = preSolution
		Debug|Any CPU = Debug|Any CPU
		Release|Any CPU = Release|Any CPU
	EndGlobalSection
	GlobalSection(ProjectConfigurationPlatforms) = postSolution
		{01A63148-8AB8-4A2C-87AB-94B2B0A0DA9A}.Debug|Any CPU.ActiveCfg = Debug|Any CPU
		{01A63148-8AB8-4A2C-87AB-94B2B0A0DA9A}.Debug|Any CPU.Build.0 = Debug|Any CPU
		{01A63148-8AB8-4A2C-87AB-94B2B0A0DA9A}.Release|Any CPU.ActiveCfg = Release|Any CPU
		{01A63148-8AB8-4A2C-87AB-94B2B0A0DA9A}.Release|Any CPU.Build.0 = Release|Any CPU
		{8BC9CC02-0A5F-4962-A5CB-CFB2967A35C0}.Debug|Any CPU.ActiveCfg = Debug|Any CPU
		{8BC9CC02-0A5F-4962-A5CB-CFB2967A35C0}.Debug|Any CPU.Build.0 = Debug|Any CPU
		{8BC9CC02-0A5F-4962-A5CB-CFB2967A35C0}.Release|Any CPU.ActiveCfg = Release|Any CPU
		{8BC9CC02-0A5F-4962-A5CB-CFB2967A35C0}.Release|Any CPU.Build.0 = Release|Any CPU
		{1B898524-F555-48B6-A8AA-709E76C004FA}.Debug|Any CPU.ActiveCfg = Debug|Any CPU
		{1B898524-F555-48B6-A8AA-709E76C004FA}.Debug|Any CPU.Build.0 = Debug|Any CPU
		{1B898524-F555-48B6-A8AA-709E76C004FA}.Release|Any CPU.ActiveCfg = Release|Any CPU
		{1B898524-F555-48B6-A8AA-709E76C004FA}.Release|Any CPU.Build.0 = Release|Any CPU
		{954A079F-63F8-468D-8E36-694A0D0AF52B}.Debug|Any CPU.ActiveCfg = Debug|Any CPU
		{954A079F-63F8-468D-8E36-694A0D0AF52B}.Debug|Any CPU.Build.0 = Debug|Any CPU
		{954A079F-63F8-468D-8E36-694A0D0AF52B}.Release|Any CPU.ActiveCfg = Release|Any CPU
		{954A079F-63F8-468D-8E36-694A0D0AF52B}.Release|Any CPU.Build.0 = Release|Any CPU
		{231F4C04-80C0-412A-98B8-46DE140D46D4}.Debug|Any CPU.ActiveCfg = Debug|Any CPU
		{231F4C04-80C0-412A-98B8-46DE140D46D4}.Debug|Any CPU.Build.0 = Debug|Any CPU
		{231F4C04-80C0-412A-98B8-46DE140D46D4}.Release|Any CPU.ActiveCfg = Release|Any CPU
		{231F4C04-80C0-412A-98B8-46DE140D46D4}.Release|Any CPU.Build.0 = Release|Any CPU
		{63DC01FA-C2DD-45C9-ACA2-54F8C4463F3D}.Debug|Any CPU.ActiveCfg = Debug|Any CPU
		{63DC01FA-C2DD-45C9-ACA2-54F8C4463F3D}.Debug|Any CPU.Build.0 = Debug|Any CPU
		{63DC01FA-C2DD-45C9-ACA2-54F8C4463F3D}.Release|Any CPU.ActiveCfg = Release|Any CPU
		{63DC01FA-C2DD-45C9-ACA2-54F8C4463F3D}.Release|Any CPU.Build.0 = Release|Any CPU
		{14776F7D-4393-4D91-8A21-D0352F0723D3}.Debug|Any CPU.ActiveCfg = Debug|Any CPU
		{14776F7D-4393-4D91-8A21-D0352F0723D3}.Debug|Any CPU.Build.0 = Debug|Any CPU
		{14776F7D-4393-4D91-8A21-D0352F0723D3}.Release|Any CPU.ActiveCfg = Release|Any CPU
		{14776F7D-4393-4D91-8A21-D0352F0723D3}.Release|Any CPU.Build.0 = Release|Any CPU
		{25A12FC8-BEAB-4E19-8DE2-29FB262957BF}.Debug|Any CPU.ActiveCfg = Debug|Any CPU
		{25A12FC8-BEAB-4E19-8DE2-29FB262957BF}.Debug|Any CPU.Build.0 = Debug|Any CPU
		{25A12FC8-BEAB-4E19-8DE2-29FB262957BF}.Release|Any CPU.ActiveCfg = Release|Any CPU
		{25A12FC8-BEAB-4E19-8DE2-29FB262957BF}.Release|Any CPU.Build.0 = Release|Any CPU
		{0A4F7C2D-40DB-4810-9F3F-5D3A7177D9D8}.Debug|Any CPU.ActiveCfg = Debug|Any CPU
		{0A4F7C2D-40DB-4810-9F3F-5D3A7177D9D8}.Debug|Any CPU.Build.0 = Debug|Any CPU
		{0A4F7C2D-40DB-4810-9F3F-5D3A7177D9D8}.Release|Any CPU.ActiveCfg = Release|Any CPU
		{0A4F7C2D-40DB-4810-9F3F-5D3A7177D9D8}.Release|Any CPU.Build.0 = Release|Any CPU
		{C9400035-16EC-4232-82B9-D423107B5E93}.Debug|Any CPU.ActiveCfg = Debug|Any CPU
		{C9400035-16EC-4232-82B9-D423107B5E93}.Debug|Any CPU.Build.0 = Debug|Any CPU
		{C9400035-16EC-4232-82B9-D423107B5E93}.Release|Any CPU.ActiveCfg = Release|Any CPU
		{C9400035-16EC-4232-82B9-D423107B5E93}.Release|Any CPU.Build.0 = Release|Any CPU
	EndGlobalSection
	GlobalSection(SolutionProperties) = preSolution
		HideSolutionNode = FALSE
	EndGlobalSection
	GlobalSection(ExtensibilityGlobals) = postSolution
		SolutionGuid = {696C5721-70A5-4B24-9A91-6F2D3601A20F}
	EndGlobalSection
EndGlobal
